
Microsoft Visual Studio Solution File, Format Version 12.00
Project("{FAE04EC0-301F-11D3-BF4B-00C04F79EFBC}") = "Contacts.api", "Contacts.api\Contacts.api.csproj", "{5FD58225-35BE-464B-AB47-48EBCC167678}"
EndProject
Project("{FAE04EC0-301F-11D3-BF4B-00C04F79EFBC}") = "Contacts.data", "Contacts.data\Contacts.data.csproj", "{0495F0BC-A06F-4993-BED9-769C6781A250}"
EndProject
Project("{FAE04EC0-301F-11D3-BF4B-00C04F79EFBC}") = "Contacts.domain", "Contacts.domain\Contacts.domain.csproj", "{C4C6691E-4E08-489B-8E97-045DC7A63F19}"
EndProject
Project("{FAE04EC0-301F-11D3-BF4B-00C04F79EFBC}") = "Contacts.Infrastructure", "Contacts.Infrastructure\Contacts.Infrastructure.csproj", "{6B88BDC3-72CA-4B57-8DB9-787A2354AF96}"
EndProject
Project("{FAE04EC0-301F-11D3-BF4B-00C04F79EFBC}") = "Contacts.Api.Tests", "Contacts.Api.Tests\Contacts.Api.Tests.csproj", "{DD6CFB85-B95E-4578-A251-60C400E5C83B}"
EndProject
Project("{FAE04EC0-301F-11D3-BF4B-00C04F79EFBC}") = "Contacts.Data.Tests", "Contacts.Data.Tests\Contacts.Data.Tests.csproj", "{392CFECB-2DB1-4E0C-AA1B-FAC5C7E7AE23}"
EndProject
Project("{FAE04EC0-301F-11D3-BF4B-00C04F79EFBC}") = "Contacts.Api.EndpointTests", "Contacts.Api.EndpointTests\Contacts.Api.EndpointTests.csproj", "{9B49CBD8-7931-488F-9C85-3F8ACB72F230}"
EndProject
Global
	GlobalSection(SolutionConfigurationPlatforms) = preSolution
		Debug|Any CPU = Debug|Any CPU
		Release|Any CPU = Release|Any CPU
	EndGlobalSection
	GlobalSection(ProjectConfigurationPlatforms) = postSolution
		{5FD58225-35BE-464B-AB47-48EBCC167678}.Debug|Any CPU.ActiveCfg = Debug|Any CPU
		{5FD58225-35BE-464B-AB47-48EBCC167678}.Debug|Any CPU.Build.0 = Debug|Any CPU
		{5FD58225-35BE-464B-AB47-48EBCC167678}.Release|Any CPU.ActiveCfg = Release|Any CPU
		{5FD58225-35BE-464B-AB47-48EBCC167678}.Release|Any CPU.Build.0 = Release|Any CPU
		{0495F0BC-A06F-4993-BED9-769C6781A250}.Debug|Any CPU.ActiveCfg = Debug|Any CPU
		{0495F0BC-A06F-4993-BED9-769C6781A250}.Debug|Any CPU.Build.0 = Debug|Any CPU
		{0495F0BC-A06F-4993-BED9-769C6781A250}.Release|Any CPU.ActiveCfg = Release|Any CPU
		{0495F0BC-A06F-4993-BED9-769C6781A250}.Release|Any CPU.Build.0 = Release|Any CPU
		{C4C6691E-4E08-489B-8E97-045DC7A63F19}.Debug|Any CPU.ActiveCfg = Debug|Any CPU
		{C4C6691E-4E08-489B-8E97-045DC7A63F19}.Debug|Any CPU.Build.0 = Debug|Any CPU
		{C4C6691E-4E08-489B-8E97-045DC7A63F19}.Release|Any CPU.ActiveCfg = Release|Any CPU
		{C4C6691E-4E08-489B-8E97-045DC7A63F19}.Release|Any CPU.Build.0 = Release|Any CPU
		{6B88BDC3-72CA-4B57-8DB9-787A2354AF96}.Debug|Any CPU.ActiveCfg = Debug|Any CPU
		{6B88BDC3-72CA-4B57-8DB9-787A2354AF96}.Debug|Any CPU.Build.0 = Debug|Any CPU
		{6B88BDC3-72CA-4B57-8DB9-787A2354AF96}.Release|Any CPU.ActiveCfg = Release|Any CPU
		{6B88BDC3-72CA-4B57-8DB9-787A2354AF96}.Release|Any CPU.Build.0 = Release|Any CPU
		{DD6CFB85-B95E-4578-A251-60C400E5C83B}.Debug|Any CPU.ActiveCfg = Debug|Any CPU
		{DD6CFB85-B95E-4578-A251-60C400E5C83B}.Debug|Any CPU.Build.0 = Debug|Any CPU
		{DD6CFB85-B95E-4578-A251-60C400E5C83B}.Release|Any CPU.ActiveCfg = Release|Any CPU
		{DD6CFB85-B95E-4578-A251-60C400E5C83B}.Release|Any CPU.Build.0 = Release|Any CPU
		{392CFECB-2DB1-4E0C-AA1B-FAC5C7E7AE23}.Debug|Any CPU.ActiveCfg = Debug|Any CPU
		{392CFECB-2DB1-4E0C-AA1B-FAC5C7E7AE23}.Debug|Any CPU.Build.0 = Debug|Any CPU
		{392CFECB-2DB1-4E0C-AA1B-FAC5C7E7AE23}.Release|Any CPU.ActiveCfg = Release|Any CPU
		{392CFECB-2DB1-4E0C-AA1B-FAC5C7E7AE23}.Release|Any CPU.Build.0 = Release|Any CPU
		{9B49CBD8-7931-488F-9C85-3F8ACB72F230}.Debug|Any CPU.ActiveCfg = Debug|Any CPU
		{9B49CBD8-7931-488F-9C85-3F8ACB72F230}.Debug|Any CPU.Build.0 = Debug|Any CPU
		{9B49CBD8-7931-488F-9C85-3F8ACB72F230}.Release|Any CPU.ActiveCfg = Release|Any CPU
		{9B49CBD8-7931-488F-9C85-3F8ACB72F230}.Release|Any CPU.Build.0 = Release|Any CPU
	EndGlobalSection
EndGlobal
